{
  "name": "demo.webpack-chain",
  "version": "1.0.0",
  "lockfileVersion": 1,
  "requires": true,
  "dependencies": {
    "deepmerge": {
      "version": "1.5.2",
      "resolved": "http://registry.npm.taobao.org/deepmerge/download/deepmerge-1.5.2.tgz",
      "integrity": "sha1-EEmdhohEza1P7ghC34x/bwyVp1M="
    },
    "javascript-stringify": {
      "version": "1.6.0",
      "resolved": "http://registry.npm.taobao.org/javascript-stringify/download/javascript-stringify-1.6.0.tgz",
      "integrity": "sha1-FC0RHzpuPa6PSpr9d9RYVbWpzOM="
    },
    "webpack-chain": {
      "version": "4.9.0",
      "resolved": "http://registry.npm.taobao.org/webpack-chain/download/webpack-chain-4.9.0.tgz",
      "integrity": "sha1-LweU0015p8xdsUFvSXt2rTPfMO4=",
      "requires": {
        "deepmerge": "1.5.2",
        "javascript-stringify": "1.6.0"
      }
    }
  }
}
